
Microsoft Visual Studio Solution File, Format Version 12.00
# Visual Studio 2013
VisualStudioVersion = 12.0.30501.0
MinimumVisualStudioVersion = 10.0.40219.1
Project("{8BC9CEB8-8B4A-11D0-8D11-00A0C91BC942}") = "Demo", "Demo\Demo.vcxproj", "{A79C07FA-C603-4815-A9F9-79F45BCCB402}"
EndProject
Project("{8BC9CEB8-8B4A-11D0-8D11-00A0C91BC942}") = "MyLib", "MyLib\MyLib.vcxproj", "{7ED105A5-DF77-4E77-B222-370FEDB5A69D}"
EndProject
Global
	GlobalSection(SolutionConfigurationPlatforms) = preSolution
		Debug|Win32 = Debug|Win32
		Release|Win32 = Release|Win32
	EndGlobalSection
	GlobalSection(ProjectConfigurationPlatforms) = postSolution
		{A79C07FA-C603-4815-A9F9-79F45BCCB402}.Debug|Win32.ActiveCfg = Debug|Win32
		{A79C07FA-C603-4815-A9F9-79F45BCCB402}.Debug|Win32.Build.0 = Debug|Win32
		{A79C07FA-C603-4815-A9F9-79F45BCCB402}.Release|Win32.ActiveCfg = Release|Win32
		{A79C07FA-C603-4815-A9F9-79F45BCCB402}.Release|Win32.Build.0 = Release|Win32
		{7ED105A5-DF77-4E77-B222-370FEDB5A69D}.Debug|Win32.ActiveCfg = Debug|Win32
		{7ED105A5-DF77-4E77-B222-370FEDB5A69D}.Debug|Win32.Build.0 = Debug|Win32
		{7ED105A5-DF77-4E77-B222-370FEDB5A69D}.Release|Win32.ActiveCfg = Release|Win32
		{7ED105A5-DF77-4E77-B222-370FEDB5A69D}.Release|Win32.Build.0 = Release|Win32
	EndGlobalSection
	GlobalSection(SolutionProperties) = preSolution
		HideSolutionNode = FALSE
	EndGlobalSection
EndGlobal
